// !$*UTF8*$!
{
	archiveVersion = 1;
	classes = {
	};
	objectVersion = 46;
	objects = {

/* Begin PBXBuildFile section */
		170E105E1D90287500F85EED /* main.m in Sources */ = {isa = PBXBuildFile; fileRef = 170E105D1D90287500F85EED /* main.m */; };
		170E10611D90287500F85EED /* AppDelegate.m in Sources */ = {isa = PBXBuildFile; fileRef = 170E10601D90287500F85EED /* AppDelegate.m */; };
		170E10641D90287500F85EED /* ViewController.m in Sources */ = {isa = PBXBuildFile; fileRef = 170E10631D90287500F85EED /* ViewController.m */; };
		170E10671D90287500F85EED /* Main.storyboard in Resources */ = {isa = PBXBuildFile; fileRef = 170E10651D90287500F85EED /* Main.storyboard */; };
		170E10691D90287500F85EED /* Assets.xcassets in Resources */ = {isa = PBXBuildFile; fileRef = 170E10681D90287500F85EED /* Assets.xcassets */; };
		170E106C1D90287500F85EED /* LaunchScreen.storyboard in Resources */ = {isa = PBXBuildFile; fileRef = 170E106A1D90287500F85EED /* LaunchScreen.storyboard */; };
/* End PBXBuildFile section */

/* Begin PBXFileReference section */
		170E10591D90287500F85EED /* Drawing.app */ = {isa = PBXFileReference; explicitFileType = wrapper.application; includeInIndex = 0; path = Drawing.app; sourceTree = BUILT_PRODUCTS_DIR; };
		170E105D1D90287500F85EED /* main.m */ = {isa = PBXFileReference; lastKnownFileType = sourcecode.c.objc; path = main.m; sourceTree = "<group>"; };
		170E105F1D90287500F85EED /* AppDelegate.h */ = {isa = PBXFileReference; lastKnownFileType = sourcecode.c.h; path = AppDelegate.h; sourceTree = "<group>"; };
		170E10601D90287500F85EED /* AppDelegate.m */ = {isa = PBXFileReference; lastKnownFileType = sourcecode.c.objc; path = AppDelegate.m; sourceTree = "<group>"; };
		170E10621D90287500F85EED /* ViewController.h */ = {isa = PBXFileReference; lastKnownFileType = sourcecode.c.h; path = ViewController.h; sourceTree = "<group>"; };
		170E10631D90287500F85EED /* ViewController.m */ = {isa = PBXFileReference; lastKnownFileType = sourcecode.c.objc; path = ViewController.m; sourceTree = "<group>"; };
		170E10661D90287500F85EED /* Base */ = {isa = PBXFileReference; lastKnownFileType = file.storyboard; name = Base; path = Base.lproj/Main.storyboard; sourceTree = "<group>"; };
		170E10681D90287500F85EED /* Assets.xcassets */ = {isa = PBXFileReference; lastKnownFileType = folder.assetcatalog; path = Assets.xcassets; sourceTree = "<group>"; };
		170E106B1D90287500F85EED /* Base */ = {isa = PBXFileReference; lastKnownFileType = file.storyboard; name = Base; path = Base.lproj/LaunchScreen.storyboard; sourceTree = "<group>"; };
		170E106D1D90287500F85EED /* Info.plist */ = {isa = PBXFileReference; lastKnownFileType = text.plist.xml; path = Info.plist; sourceTree = "<group>"; };
/* End PBXFileReference section */

/* Begin PBXFrameworksBuildPhase section */
		170E10561D90287500F85EED /* Frameworks */ = {
			isa = PBXFrameworksBuildPhase;
			buildActionMask = 2147483647;
			files = (
			);
			runOnlyForDeploymentPostprocessing = 0;
		};
/* End PBXFrameworksBuildPhase section */

/* Begin PBXGroup section */
		170E10501D90287500F85EED = {
			isa = PBXGroup;
			children = (
				170E105B1D90287500F85EED /* Drawing */,
				170E105A1D90287500F85EED /* Products */,
			);
			sourceTree = "<group>";
		};
		170E105A1D90287500F85EED /* Products */ = {
			isa = PBXGroup;
			children = (
				170E10591D90287500F85EED /* Drawing.app */,
			);
			name = Products;
			sourceTree = "<group>";
		};
		170E105B1D90287500F85EED /* Drawing */ = {
			isa = PBXGroup;
			children = (
				170E105F1D90287500F85EED /* AppDelegate.h */,
				170E10601D90287500F85EED /* AppDelegate.m */,
				170E10621D90287500F85EED /* ViewController.h */,
				170E10631D90287500F85EED /* ViewController.m */,
				170E10651D90287500F85EED /* Main.storyboard */,
				170E10681D90287500F85EED /* Assets.xcassets */,
				170E106A1D90287500F85EED /* LaunchScreen.storyboard */,
				170E106D1D90287500F85EED /* Info.plist */,
				170E105C1D90287500F85EED /* Supporting Files */,
			);
			path = Drawing;
			sourceTree = "<group>";
		};
		170E105C1D90287500F85EED /* Supporting Files */ = {
			isa = PBXGroup;
			children = (
				170E105D1D90287500F85EED /* main.m */,
			);
			name = "Supporting Files";
			sourceTree = "<group>";
		};
/* End PBXGroup section */

/* Begin PBXNativeTarget section */
		170E10581D90287500F85EED /* Drawing */ = {
			isa = PBXNativeTarget;
			buildConfigurationList = 170E10701D90287500F85EED /* Build configuration list for PBXNativeTarget "Drawing" */;
			buildPhases = (
				170E10551D90287500F85EED /* Sources */,
				170E10561D90287500F85EED /* Frameworks */,
				170E10571D90287500F85EED /* Resources */,
			);
			buildRules = (
			);
			dependencies = (
			);
			name = Drawing;
			productName = Drawing;
			productReference = 170E10591D90287500F85EED /* Drawing.app */;
			productType = "com.apple.product-type.application";
		};
/* End PBXNativeTarget section */

/* Begin PBXProject section */
		170E10511D90287500F85EED /* Project object */ = {
			isa = PBXProject;
			attributes = {
				LastUpgradeCheck = 0800;
				ORGANIZATIONNAME = Coding;
				TargetAttributes = {
					170E10581D90287500F85EED = {
						CreatedOnToolsVersion = 8.0;
						DevelopmentTeam = TQWU9HD7N3;
						ProvisioningStyle = Automatic;
					};
				};
			};
			buildConfigurationList = 170E10541D90287500F85EED /* Build configuration list for PBXProject "Drawing" */;
			compatibilityVersion = "Xcode 3.2";
			developmentRegion = English;
			hasScannedForEncodings = 0;
			knownRegions = (
				en,
				Base,
			);
			mainGroup = 170E10501D90287500F85EED;
			productRefGroup = 170E105A1D90287500F85EED /* Products */;
			projectDirPath = "";
			projectRoot = "";
			targets = (
				170E10581D90287500F85EED /* Drawing */,
			);
		};
/* End PBXProject section */

/* Begin PBXResourcesBuildPhase section */
		170E10571D90287500F85EED /* Resources */ = {
			isa = PBXResourcesBuildPhase;
			buildActionMask = 2147483647;
			files = (
				170E106C1D90287500F85EED /* LaunchScreen.storyboard in Resources */,
				170E10691D90287500F85EED /* Assets.xcassets in Resources */,
				170E10671D90287500F85EED /* Main.storyboard in Resources */,
			);
			runOnlyForDeploymentPostprocessing = 0;
		};
/* End PBXResourcesBuildPhase section */

/* Begin PBXSourcesBuildPhase section */
		170E10551D90287500F85EED /* Sources */ = {
			isa = PBXSourcesBuildPhase;
			buildActionMask = 2147483647;
			files = (
				170E10641D90287500F85EED /* ViewController.m in Sources */,
				170E10611D90287500F85EED /* AppDelegate.m in Sources */,
				170E105E1D90287500F85EED /* main.m in Sources */,
			);
			runOnlyForDeploymentPostprocessing = 0;
		};
/* End PBXSourcesBuildPhase section */

/* Begin PBXVariantGroup section */
		170E10651D90287500F85EED /* Main.storyboard */ = {
			isa = PBXVariantGroup;
			children = (
				170E10661D90287500F85EED /* Base */,
			);
			name = Main.storyboard;
			sourceTree = "<group>";
		};
		170E106A1D90287500F85EED /* LaunchScreen.storyboard */ = {
			isa = PBXVariantGroup;
			children = (
				170E106B1D90287500F85EED /* Base */,
			);
			name = LaunchScreen.storyboard;
			sourceTree = "<group>";
		};
/* End PBXVariantGroup section */

/* Begin XCBuildConfiguration section */
		170E106E1D90287500F85EED /* Debug */ = {
			isa = XCBuildConfiguration;
			buildSettings = {
				ALWAYS_SEARCH_USER_PATHS = NO;
				CLANG_ANALYZER_NONNULL = YES;
				CLANG_CXX_LANGUAGE_STANDARD = "gnu++0x";
				CLANG_CXX_LIBRARY = "libc++";
				CLANG_ENABLE_MODULES = YES;
				CLANG_ENABLE_OBJC_ARC = YES;
				CLANG_WARN_BOOL_CONVERSION = YES;
				CLANG_WARN_CONSTANT_CONVERSION = YES;
				CLANG_WARN_DIRECT_OBJC_ISA_USAGE = YES_ERROR;
				CLANG_WARN_DOCUMENTATION_COMMENTS = YES;
				CLANG_WARN_EMPTY_BODY = YES;
				CLANG_WARN_ENUM_CONVERSION = YES;
				CLANG_WARN_INFINITE_RECURSION = YES;
				CLANG_WARN_INT_CONVERSION = YES;
				CLANG_WARN_OBJC_ROOT_CLASS = YES_ERROR;
				CLANG_WARN_SUSPICIOUS_MOVES = YES;
				CLANG_WARN_UNREACHABLE_CODE = YES;
				CLANG_WARN__DUPLICATE_METHOD_MATCH = YES;
				"CODE_SIGN_IDENTITY[sdk=iphoneos*]" = "iPhone Developer";
				COPY_PHASE_STRIP = NO;
				DEBUG_INFORMATION_FORMAT = dwarf;
				ENABLE_STRICT_OBJC_MSGSEND = YES;
				ENABLE_TESTABILITY = YES;
				GCC_C_LANGUAGE_STANDARD = gnu99;
				GCC_DYNAMIC_NO_PIC = NO;
				GCC_NO_COMMON_BLOCKS = YES;
				GCC_OPTIMIZATION_LEVEL = 0;
				GCC_PREPROCESSOR_DEFINITIONS = (
					"DEBUG=1",
					"$(inherited)",
				);
				GCC_WARN_64_TO_32_BIT_CONVERSION = YES;
				GCC_WARN_ABOUT_RETURN_TYPE = YES_ERROR;
				GCC_WARN_UNDECLARED_SELECTOR = YES;
				GCC_WARN_UNINITIALIZED_AUTOS = YES_AGGRESSIVE;
				GCC_WARN_UNUSED_FUNCTION = YES;
				GCC_WARN_UNUSED_VARIABLE = YES;
				IPHONEOS_DEPLOYMENT_TARGET = 10.0;
				MTL_ENABLE_DEBUG_INFO = YES;
				ONLY_ACTIVE_ARCH = YES;
				SDKROOT = iphoneos;
				TARGETED_DEVICE_FAMILY = "1,2";
			};
			name = Debug;
		};
		170E106F1D90287500F85EED /* Release */ = {
			isa = XCBuildConfiguration;
			buildSettings = {
				ALWAYS_SEARCH_USER_PATHS = NO;
				CLANG_ANALYZER_NONNULL = YES;
				CLANG_CXX_LANGUAGE_STANDARD = "gnu++0x";
				CLANG_CXX_LIBRARY = "libc++";
				CLANG_ENABLE_MODULES = YES;
				CLANG_ENABLE_OBJC_ARC = YES;
				CLANG_WARN_BOOL_CONVERSION = YES;
				CLANG_WARN_CONSTANT_CONVERSION = YES;
				CLANG_WARN_DIRECT_OBJC_ISA_USAGE = YES_ERROR;
				CLANG_WARN_DOCUMENTATION_COMMENTS = YES;
				CLANG_WARN_EMPTY_BODY = YES;
				CLANG_WARN_ENUM_CONVERSION = YES;
				CLANG_WARN_INFINITE_RECURSION = YES;
				CLANG_WARN_INT_CONVERSION = YES;
				CLANG_WARN_OBJC_ROOT_CLASS = YES_ERROR;
				CLANG_WARN_SUSPICIOUS_MOVES = YES;
				CLANG_WARN_UNREACHABLE_CODE = YES;
				CLANG_WARN__DUPLICATE_METHOD_MATCH = YES;
				"CODE_SIGN_IDENTITY[sdk=iphoneos*]" = "iPhone Developer";
				COPY_PHASE_STRIP = NO;
				DEBUG_INFORMATION_FORMAT = "dwarf-with-dsym";
				ENABLE_NS_ASSERTIONS = NO;
				ENABLE_STRICT_OBJC_MSGSEND = YES;
				GCC_C_LANGUAGE_STANDARD = gnu99;
				GCC_NO_COMMON_BLOCKS = YES;
				GCC_WARN_64_TO_32_BIT_CONVERSION = YES;
				GCC_WARN_ABOUT_RETURN_TYPE = YES_ERROR;
				GCC_WARN_UNDECLARED_SELECTOR = YES;
				GCC_WARN_UNINITIALIZED_AUTOS = YES_AGGRESSIVE;
				GCC_WARN_UNUSED_FUNCTION = YES;
				GCC_WARN_UNUSED_VARIABLE = YES;
				IPHONEOS_DEPLOYMENT_TARGET = 10.0;
				MTL_ENABLE_DEBUG_INFO = NO;
				SDKROOT = iphoneos;
				TARGETED_DEVICE_FAMILY = "1,2";
				VALIDATE_PRODUCT = YES;
			};
			name = Release;
		};
		170E10711D90287500F85EED /* Debug */ = {
			isa = XCBuildConfiguration;
			buildSettings = {
				ASSETCATALOG_COMPILER_APPICON_NAME = AppIcon;
				DEVELOPMENT_TEAM = TQWU9HD7N3;
				INFOPLIST_FILE = Drawing/Info.plist;
				LD_RUNPATH_SEARCH_PATHS = "$(inherited) @executable_path/Frameworks";
				PRODUCT_BUNDLE_IDENTIFIER = fglt.Drawing;
				PRODUCT_NAME = "$(TARGET_NAME)";
			};
			name = Debug;
		};
		170E10721D90287500F85EED /* Release */ = {
			isa = XCBuildConfiguration;
			buildSettings = {
				ASSETCATALOG_COMPILER_APPICON_NAME = AppIcon;
				DEVELOPMENT_TEAM = TQWU9HD7N3;
				INFOPLIST_FILE = Drawing/Info.plist;
				LD_RUNPATH_SEARCH_PATHS = "$(inherited) @executable_path/Frameworks";
				PRODUCT_BUNDLE_IDENTIFIER = fglt.Drawing;
				PRODUCT_NAME = "$(TARGET_NAME)";
			};
			name = Release;
		};
/* End XCBuildConfiguration section */

/* Begin XCConfigurationList section */
		170E10541D90287500F85EED /* Build configuration list for PBXProject "Drawing" */ = {
			isa = XCConfigurationList;
			buildConfigurations = (
				170E106E1D90287500F85EED /* Debug */,
				170E106F1D90287500F85EED /* Release */,
			);
			defaultConfigurationIsVisible = 0;
			defaultConfigurationName = Release;
		};
		170E10701D90287500F85EED /* Build configuration list for PBXNativeTarget "Drawing" */ = {
			isa = XCConfigurationList;
			buildConfigurations = (
				170E10711D90287500F85EED /* Debug */,
				170E10721D90287500F85EED /* Release */,
			);
			defaultConfigurationIsVisible = 0;
		};
/* End XCConfigurationList section */
	};
	rootObject = 170E10511D90287500F85EED /* Project object */;
}
